
Microsoft Visual Studio Solution File, Format Version 12.00
# Visual Studio Version 17
VisualStudioVersion = 17.11.35222.181
MinimumVisualStudioVersion = 10.0.40219.1
Project("{8BC9CEB8-8B4A-11D0-8D11-00A0C91BC942}") = "MemoryManagement", "MemoryManagement\MemoryManagement.vcxproj", "{9E2E31C2-1D69-479F-9BBC-4CF5E75176D3}"
EndProject
Project("{8BC9CEB8-8B4A-11D0-8D11-00A0C91BC942}") = "OOP", "OOP\OOP.vcxproj", "{8E3A97FE-63C2-408E-A5D2-EC1368F195DA}"
EndProject
Project("{8BC9CEB8-8B4A-11D0-8D11-00A0C91BC942}") = "CppBasic", "CppBasic\CppBasic.vcxproj", "{6AC6F5C2-3F57-47ED-99A4-9D17CD1F48ED}"
EndProject
Global
	GlobalSection(SolutionConfigurationPlatforms) = preSolution
		Debug|x64 = Debug|x64
		Debug|x86 = Debug|x86
		Release|x64 = Release|x64
		Release|x86 = Release|x86
	EndGlobalSection
	GlobalSection(ProjectConfigurationPlatforms) = postSolution
		{9E2E31C2-1D69-479F-9BBC-4CF5E75176D3}.Debug|x64.ActiveCfg = Debug|x64
		{9E2E31C2-1D69-479F-9BBC-4CF5E75176D3}.Debug|x64.Build.0 = Debug|x64
		{9E2E31C2-1D69-479F-9BBC-4CF5E75176D3}.Debug|x86.ActiveCfg = Debug|Win32
		{9E2E31C2-1D69-479F-9BBC-4CF5E75176D3}.Debug|x86.Build.0 = Debug|Win32
		{9E2E31C2-1D69-479F-9BBC-4CF5E75176D3}.Release|x64.ActiveCfg = Release|x64
		{9E2E31C2-1D69-479F-9BBC-4CF5E75176D3}.Release|x64.Build.0 = Release|x64
		{9E2E31C2-1D69-479F-9BBC-4CF5E75176D3}.Release|x86.ActiveCfg = Release|Win32
		{9E2E31C2-1D69-479F-9BBC-4CF5E75176D3}.Release|x86.Build.0 = Release|Win32
		{8E3A97FE-63C2-408E-A5D2-EC1368F195DA}.Debug|x64.ActiveCfg = Debug|x64
		{8E3A97FE-63C2-408E-A5D2-EC1368F195DA}.Debug|x64.Build.0 = Debug|x64
		{8E3A97FE-63C2-408E-A5D2-EC1368F195DA}.Debug|x86.ActiveCfg = Debug|Win32
		{8E3A97FE-63C2-408E-A5D2-EC1368F195DA}.Debug|x86.Build.0 = Debug|Win32
		{8E3A97FE-63C2-408E-A5D2-EC1368F195DA}.Release|x64.ActiveCfg = Release|x64
		{8E3A97FE-63C2-408E-A5D2-EC1368F195DA}.Release|x64.Build.0 = Release|x64
		{8E3A97FE-63C2-408E-A5D2-EC1368F195DA}.Release|x86.ActiveCfg = Release|Win32
		{8E3A97FE-63C2-408E-A5D2-EC1368F195DA}.Release|x86.Build.0 = Release|Win32
		{6AC6F5C2-3F57-47ED-99A4-9D17CD1F48ED}.Debug|x64.ActiveCfg = Debug|x64
		{6AC6F5C2-3F57-47ED-99A4-9D17CD1F48ED}.Debug|x64.Build.0 = Debug|x64
		{6AC6F5C2-3F57-47ED-99A4-9D17CD1F48ED}.Debug|x86.ActiveCfg = Debug|Win32
		{6AC6F5C2-3F57-47ED-99A4-9D17CD1F48ED}.Debug|x86.Build.0 = Debug|Win32
		{6AC6F5C2-3F57-47ED-99A4-9D17CD1F48ED}.Release|x64.ActiveCfg = Release|x64
		{6AC6F5C2-3F57-47ED-99A4-9D17CD1F48ED}.Release|x64.Build.0 = Release|x64
		{6AC6F5C2-3F57-47ED-99A4-9D17CD1F48ED}.Release|x86.ActiveCfg = Release|Win32
		{6AC6F5C2-3F57-47ED-99A4-9D17CD1F48ED}.Release|x86.Build.0 = Release|Win32
	EndGlobalSection
	GlobalSection(SolutionProperties) = preSolution
		HideSolutionNode = FALSE
	EndGlobalSection
	GlobalSection(ExtensibilityGlobals) = postSolution
		SolutionGuid = {1B17A372-981F-4F0C-8F0C-AE05FA50B5E3}
	EndGlobalSection
EndGlobal
